
Microsoft Visual Studio Solution File, Format Version 12.00
# Visual Studio Version 17
VisualStudioVersion = 17.10.35122.118
MinimumVisualStudioVersion = 10.0.40219.1
Project("{FAE04EC0-301F-11D3-BF4B-00C04F79EFBC}") = "DSS", "DSS\DSS.csproj", "{1440B1BF-9AFF-46FB-BF76-644CD1C21787}"
EndProject
Global
	GlobalSection(SolutionConfigurationPlatforms) = preSolution
		Debug|Any CPU = Debug|Any CPU
		Release|Any CPU = Release|Any CPU
	EndGlobalSection
	GlobalSection(ProjectConfigurationPlatforms) = postSolution
		{1440B1BF-9AFF-46FB-BF76-644CD1C21787}.Debug|Any CPU.ActiveCfg = Debug|Any CPU
		{1440B1BF-9AFF-46FB-BF76-644CD1C21787}.Debug|Any CPU.Build.0 = Debug|Any CPU
		{1440B1BF-9AFF-46FB-BF76-644CD1C21787}.Release|Any CPU.ActiveCfg = Release|Any CPU
		{1440B1BF-9AFF-46FB-BF76-644CD1C21787}.Release|Any CPU.Build.0 = Release|Any CPU
	EndGlobalSection
	GlobalSection(SolutionProperties) = preSolution
		HideSolutionNode = FALSE
	EndGlobalSection
	GlobalSection(ExtensibilityGlobals) = postSolution
		SolutionGuid = {EBD4E081-DA5F-42FA-9644-3803AFC0294D}
	EndGlobalSection
EndGlobal
